{
  "name": "cordova-plugin-audiobuffer",
  "version": "2.1.0",
  "lockfileVersion": 1,
  "requires": true,
  "dependencies": {
    "@angular/core": {
      "version": "7.2.0",
      "resolved": "https://registry.npmjs.org/@angular/core/-/core-7.2.0.tgz",
      "integrity": "sha512-tlCDDM9IknXvVLk1sg0lzCO4OREM54i1bFtTpl5kPtugK6l4kYCOH78UzDPHnOzzI3LGLj8Hb2NiObVa9c4fdg==",
      "requires": {
        "tslib": "^1.9.0"
      }
    },
    "@ionic-native/core": {
      "version": "4.11.0",
      "resolved": "https://registry.npmjs.org/@ionic-native/core/-/core-4.11.0.tgz",
      "integrity": "sha512-bBFE6bM0P254CWmqAqWe2ju7WPo51yn/vIoBrEb5SX2Iousn+1xYwuIO93n9+nlx17EI7Uz+h2mPej4Chi7hLQ=="
    },
    "rxjs": {
      "version": "5.5.11",
      "resolved": "https://registry.npmjs.org/rxjs/-/rxjs-5.5.11.tgz",
      "integrity": "sha512-3bjO7UwWfA2CV7lmwYMBzj4fQ6Cq+ftHc2MvUe+WMS7wcdJ1LosDWmdjPQanYp2dBRj572p7PeU81JUxHKOcBA==",
      "requires": {
        "symbol-observable": "1.0.1"
      }
    },
    "symbol-observable": {
      "version": "1.0.1",
      "resolved": "https://registry.npmjs.org/symbol-observable/-/symbol-observable-1.0.1.tgz",
      "integrity": "sha1-g0D8RwLDEi310iKI+IKD9RPT/dQ="
    },
    "tslib": {
      "version": "1.9.3",
      "resolved": "https://registry.npmjs.org/tslib/-/tslib-1.9.3.tgz",
      "integrity": "sha512-4krF8scpejhaOgqzBEcGM7yDIEfi0/8+8zDRZhNZZ2kjmHJ4hv3zCbQWxoJGz1iw5U0Jl0nma13xzHXcncMavQ=="
    }
  }
}
